#MicroXplorer Configuration settings - do not modify
ADC1.Channel-0\#ChannelRegularConversion=ADC_CHANNEL_2
ADC1.Channel-1\#ChannelRegularConversion=ADC_CHANNEL_13
ADC1.ClockPrescaler=ADC_CLOCK_SYNC_PCLK_DIV4
ADC1.ContinuousConvMode=ENABLE
ADC1.DMAContinuousRequests=ENABLE
ADC1.IPParameters=Rank-0\#ChannelRegularConversion,Channel-0\#ChannelRegularConversion,SamplingTime-0\#ChannelRegularConversion,NbrOfConversionFlag,master,ScanConvMode,ContinuousConvMode,DMAContinuousRequests,Rank-1\#ChannelRegularConversion,Channel-1\#ChannelRegularConversion,SamplingTime-1\#ChannelRegularConversion,NbrOfConversion,ClockPrescaler
ADC1.NbrOfConversion=2
ADC1.NbrOfConversionFlag=1
ADC1.Rank-0\#ChannelRegularConversion=1
ADC1.Rank-1\#ChannelRegularConversion=2
ADC1.SamplingTime-0\#ChannelRegularConversion=ADC_SAMPLETIME_84CYCLES
ADC1.SamplingTime-1\#ChannelRegularConversion=ADC_SAMPLETIME_84CYCLES
ADC1.ScanConvMode=ENABLE
ADC1.master=1
ADC3.Channel-0\#ChannelRegularConversion=ADC_CHANNEL_4
ADC3.Channel-1\#ChannelRegularConversion=ADC_CHANNEL_5
ADC3.Channel-10\#ChannelRegularConversion=ADC_CHANNEL_15
ADC3.Channel-2\#ChannelRegularConversion=ADC_CHANNEL_6
ADC3.Channel-3\#ChannelRegularConversion=ADC_CHANNEL_7
ADC3.Channel-4\#ChannelRegularConversion=ADC_CHANNEL_8
ADC3.Channel-5\#ChannelRegularConversion=ADC_CHANNEL_9
ADC3.Channel-6\#ChannelRegularConversion=ADC_CHANNEL_10
ADC3.Channel-7\#ChannelRegularConversion=ADC_CHANNEL_11
ADC3.Channel-8\#ChannelRegularConversion=ADC_CHANNEL_12
ADC3.Channel-9\#ChannelRegularConversion=ADC_CHANNEL_14
ADC3.ClockPrescaler=ADC_CLOCK_SYNC_PCLK_DIV4
ADC3.ContinuousConvMode=ENABLE
ADC3.DMAContinuousRequests=ENABLE
ADC3.IPParameters=Rank-0\#ChannelRegularConversion,Channel-0\#ChannelRegularConversion,SamplingTime-0\#ChannelRegularConversion,NbrOfConversionFlag,ContinuousConvMode,ScanConvMode,DMAContinuousRequests,Rank-1\#ChannelRegularConversion,Channel-1\#ChannelRegularConversion,SamplingTime-1\#ChannelRegularConversion,Rank-2\#ChannelRegularConversion,Channel-2\#ChannelRegularConversion,SamplingTime-2\#ChannelRegularConversion,Rank-3\#ChannelRegularConversion,Channel-3\#ChannelRegularConversion,SamplingTime-3\#ChannelRegularConversion,Rank-4\#ChannelRegularConversion,Channel-4\#ChannelRegularConversion,SamplingTime-4\#ChannelRegularConversion,Rank-5\#ChannelRegularConversion,Channel-5\#ChannelRegularConversion,SamplingTime-5\#ChannelRegularConversion,Rank-6\#ChannelRegularConversion,Channel-6\#ChannelRegularConversion,SamplingTime-6\#ChannelRegularConversion,Rank-7\#ChannelRegularConversion,Channel-7\#ChannelRegularConversion,SamplingTime-7\#ChannelRegularConversion,Rank-8\#ChannelRegularConversion,Channel-8\#ChannelRegularConversion,SamplingTime-8\#ChannelRegularConversion,Rank-9\#ChannelRegularConversion,Channel-9\#ChannelRegularConversion,SamplingTime-9\#ChannelRegularConversion,Rank-10\#ChannelRegularConversion,Channel-10\#ChannelRegularConversion,SamplingTime-10\#ChannelRegularConversion,NbrOfConversion,ClockPrescaler
ADC3.NbrOfConversion=11
ADC3.NbrOfConversionFlag=1
ADC3.Rank-0\#ChannelRegularConversion=1
ADC3.Rank-1\#ChannelRegularConversion=2
ADC3.Rank-10\#ChannelRegularConversion=11
ADC3.Rank-2\#ChannelRegularConversion=3
ADC3.Rank-3\#ChannelRegularConversion=4
ADC3.Rank-4\#ChannelRegularConversion=5
ADC3.Rank-5\#ChannelRegularConversion=6
ADC3.Rank-6\#ChannelRegularConversion=7
ADC3.Rank-7\#ChannelRegularConversion=8
ADC3.Rank-8\#ChannelRegularConversion=9
ADC3.Rank-9\#ChannelRegularConversion=10
ADC3.SamplingTime-0\#ChannelRegularConversion=ADC_SAMPLETIME_3CYCLES
ADC3.SamplingTime-1\#ChannelRegularConversion=ADC_SAMPLETIME_3CYCLES
ADC3.SamplingTime-10\#ChannelRegularConversion=ADC_SAMPLETIME_3CYCLES
ADC3.SamplingTime-2\#ChannelRegularConversion=ADC_SAMPLETIME_3CYCLES
ADC3.SamplingTime-3\#ChannelRegularConversion=ADC_SAMPLETIME_3CYCLES
ADC3.SamplingTime-4\#ChannelRegularConversion=ADC_SAMPLETIME_3CYCLES
ADC3.SamplingTime-5\#ChannelRegularConversion=ADC_SAMPLETIME_3CYCLES
ADC3.SamplingTime-6\#ChannelRegularConversion=ADC_SAMPLETIME_3CYCLES
ADC3.SamplingTime-7\#ChannelRegularConversion=ADC_SAMPLETIME_3CYCLES
ADC3.SamplingTime-8\#ChannelRegularConversion=ADC_SAMPLETIME_3CYCLES
ADC3.SamplingTime-9\#ChannelRegularConversion=ADC_SAMPLETIME_3CYCLES
ADC3.ScanConvMode=ENABLE
CAN1.ABOM=ENABLE
CAN1.BS1=CAN_BS1_3TQ
CAN1.BS2=CAN_BS2_6TQ
CAN1.CalculateBaudRate=125000
CAN1.CalculateTimeBit=8000
CAN1.CalculateTimeQuantum=800.0
CAN1.IPParameters=CalculateTimeQuantum,CalculateTimeBit,CalculateBaudRate,BS1,Prescaler,SJW,ABOM,NART,BS2
CAN1.NART=ENABLE
CAN1.Prescaler=24
CAN1.SJW=CAN_SJW_1TQ
CAN2.ABOM=ENABLE
CAN2.BS1=CAN_BS1_3TQ
CAN2.BS2=CAN_BS2_6TQ
CAN2.CalculateBaudRate=250000
CAN2.CalculateTimeBit=4000
CAN2.CalculateTimeQuantum=400.0
CAN2.IPParameters=CalculateTimeQuantum,CalculateTimeBit,CalculateBaudRate,BS1,Prescaler,ABOM,NART,BS2
CAN2.NART=ENABLE
CAN2.Prescaler=12
Dma.ADC1.13.Direction=DMA_PERIPH_TO_MEMORY
Dma.ADC1.13.FIFOMode=DMA_FIFOMODE_DISABLE
Dma.ADC1.13.Instance=DMA2_Stream4
Dma.ADC1.13.MemDataAlignment=DMA_MDATAALIGN_HALFWORD
Dma.ADC1.13.MemInc=DMA_MINC_ENABLE
Dma.ADC1.13.Mode=DMA_CIRCULAR
Dma.ADC1.13.PeriphDataAlignment=DMA_PDATAALIGN_HALFWORD
Dma.ADC1.13.PeriphInc=DMA_PINC_DISABLE
Dma.ADC1.13.Priority=DMA_PRIORITY_LOW
Dma.ADC1.13.RequestParameters=Instance,Direction,PeriphInc,MemInc,PeriphDataAlignment,MemDataAlignment,Mode,Priority,FIFOMode
Dma.ADC3.12.Direction=DMA_PERIPH_TO_MEMORY
Dma.ADC3.12.FIFOMode=DMA_FIFOMODE_DISABLE
Dma.ADC3.12.Instance=DMA2_Stream0
Dma.ADC3.12.MemDataAlignment=DMA_MDATAALIGN_HALFWORD
Dma.ADC3.12.MemInc=DMA_MINC_ENABLE
Dma.ADC3.12.Mode=DMA_CIRCULAR
Dma.ADC3.12.PeriphDataAlignment=DMA_PDATAALIGN_HALFWORD
Dma.ADC3.12.PeriphInc=DMA_PINC_DISABLE
Dma.ADC3.12.Priority=DMA_PRIORITY_LOW
Dma.ADC3.12.RequestParameters=Instance,Direction,PeriphInc,MemInc,PeriphDataAlignment,MemDataAlignment,Mode,Priority,FIFOMode
Dma.Request0=UART4_RX
Dma.Request1=UART4_TX
Dma.Request10=USART2_RX
Dma.Request11=USART2_TX
Dma.Request12=ADC3
Dma.Request13=ADC1
Dma.Request2=USART3_RX
Dma.Request3=USART3_TX
Dma.Request4=USART6_RX
Dma.Request5=USART6_TX
Dma.Request6=USART1_RX
Dma.Request7=USART1_TX
Dma.Request8=UART5_RX
Dma.Request9=UART5_TX
Dma.RequestsNb=14
Dma.UART4_RX.0.Direction=DMA_PERIPH_TO_MEMORY
Dma.UART4_RX.0.FIFOMode=DMA_FIFOMODE_DISABLE
Dma.UART4_RX.0.Instance=DMA1_Stream2
Dma.UART4_RX.0.MemDataAlignment=DMA_MDATAALIGN_BYTE
Dma.UART4_RX.0.MemInc=DMA_MINC_ENABLE
Dma.UART4_RX.0.Mode=DMA_NORMAL
Dma.UART4_RX.0.PeriphDataAlignment=DMA_PDATAALIGN_BYTE
Dma.UART4_RX.0.PeriphInc=DMA_PINC_DISABLE
Dma.UART4_RX.0.Priority=DMA_PRIORITY_LOW
Dma.UART4_RX.0.RequestParameters=Instance,Direction,PeriphInc,MemInc,PeriphDataAlignment,MemDataAlignment,Mode,Priority,FIFOMode
Dma.UART4_TX.1.Direction=DMA_MEMORY_TO_PERIPH
Dma.UART4_TX.1.FIFOMode=DMA_FIFOMODE_DISABLE
Dma.UART4_TX.1.Instance=DMA1_Stream4
Dma.UART4_TX.1.MemDataAlignment=DMA_MDATAALIGN_BYTE
Dma.UART4_TX.1.MemInc=DMA_MINC_ENABLE
Dma.UART4_TX.1.Mode=DMA_NORMAL
Dma.UART4_TX.1.PeriphDataAlignment=DMA_PDATAALIGN_BYTE
Dma.UART4_TX.1.PeriphInc=DMA_PINC_DISABLE
Dma.UART4_TX.1.Priority=DMA_PRIORITY_LOW
Dma.UART4_TX.1.RequestParameters=Instance,Direction,PeriphInc,MemInc,PeriphDataAlignment,MemDataAlignment,Mode,Priority,FIFOMode
Dma.UART5_RX.8.Direction=DMA_PERIPH_TO_MEMORY
Dma.UART5_RX.8.FIFOMode=DMA_FIFOMODE_DISABLE
Dma.UART5_RX.8.Instance=DMA1_Stream0
Dma.UART5_RX.8.MemDataAlignment=DMA_MDATAALIGN_BYTE
Dma.UART5_RX.8.MemInc=DMA_MINC_ENABLE
Dma.UART5_RX.8.Mode=DMA_NORMAL
Dma.UART5_RX.8.PeriphDataAlignment=DMA_PDATAALIGN_BYTE
Dma.UART5_RX.8.PeriphInc=DMA_PINC_DISABLE
Dma.UART5_RX.8.Priority=DMA_PRIORITY_LOW
Dma.UART5_RX.8.RequestParameters=Instance,Direction,PeriphInc,MemInc,PeriphDataAlignment,MemDataAlignment,Mode,Priority,FIFOMode
Dma.UART5_TX.9.Direction=DMA_MEMORY_TO_PERIPH
Dma.UART5_TX.9.FIFOMode=DMA_FIFOMODE_DISABLE
Dma.UART5_TX.9.Instance=DMA1_Stream7
Dma.UART5_TX.9.MemDataAlignment=DMA_MDATAALIGN_BYTE
Dma.UART5_TX.9.MemInc=DMA_MINC_ENABLE
Dma.UART5_TX.9.Mode=DMA_NORMAL
Dma.UART5_TX.9.PeriphDataAlignment=DMA_PDATAALIGN_BYTE
Dma.UART5_TX.9.PeriphInc=DMA_PINC_DISABLE
Dma.UART5_TX.9.Priority=DMA_PRIORITY_LOW
Dma.UART5_TX.9.RequestParameters=Instance,Direction,PeriphInc,MemInc,PeriphDataAlignment,MemDataAlignment,Mode,Priority,FIFOMode
Dma.USART1_RX.6.Direction=DMA_PERIPH_TO_MEMORY
Dma.USART1_RX.6.FIFOMode=DMA_FIFOMODE_DISABLE
Dma.USART1_RX.6.Instance=DMA2_Stream2
Dma.USART1_RX.6.MemDataAlignment=DMA_MDATAALIGN_BYTE
Dma.USART1_RX.6.MemInc=DMA_MINC_ENABLE
Dma.USART1_RX.6.Mode=DMA_NORMAL
Dma.USART1_RX.6.PeriphDataAlignment=DMA_PDATAALIGN_BYTE
Dma.USART1_RX.6.PeriphInc=DMA_PINC_DISABLE
Dma.USART1_RX.6.Priority=DMA_PRIORITY_LOW
Dma.USART1_RX.6.RequestParameters=Instance,Direction,PeriphInc,MemInc,PeriphDataAlignment,MemDataAlignment,Mode,Priority,FIFOMode
Dma.USART1_TX.7.Direction=DMA_MEMORY_TO_PERIPH
Dma.USART1_TX.7.FIFOMode=DMA_FIFOMODE_DISABLE
Dma.USART1_TX.7.Instance=DMA2_Stream7
Dma.USART1_TX.7.MemDataAlignment=DMA_MDATAALIGN_BYTE
Dma.USART1_TX.7.MemInc=DMA_MINC_ENABLE
Dma.USART1_TX.7.Mode=DMA_NORMAL
Dma.USART1_TX.7.PeriphDataAlignment=DMA_PDATAALIGN_BYTE
Dma.USART1_TX.7.PeriphInc=DMA_PINC_DISABLE
Dma.USART1_TX.7.Priority=DMA_PRIORITY_LOW
Dma.USART1_TX.7.RequestParameters=Instance,Direction,PeriphInc,MemInc,PeriphDataAlignment,MemDataAlignment,Mode,Priority,FIFOMode
Dma.USART2_RX.10.Direction=DMA_PERIPH_TO_MEMORY
Dma.USART2_RX.10.FIFOMode=DMA_FIFOMODE_DISABLE
Dma.USART2_RX.10.Instance=DMA1_Stream5
Dma.USART2_RX.10.MemDataAlignment=DMA_MDATAALIGN_BYTE
Dma.USART2_RX.10.MemInc=DMA_MINC_ENABLE
Dma.USART2_RX.10.Mode=DMA_NORMAL
Dma.USART2_RX.10.PeriphDataAlignment=DMA_PDATAALIGN_BYTE
Dma.USART2_RX.10.PeriphInc=DMA_PINC_DISABLE
Dma.USART2_RX.10.Priority=DMA_PRIORITY_LOW
Dma.USART2_RX.10.RequestParameters=Instance,Direction,PeriphInc,MemInc,PeriphDataAlignment,MemDataAlignment,Mode,Priority,FIFOMode
Dma.USART2_TX.11.Direction=DMA_MEMORY_TO_PERIPH
Dma.USART2_TX.11.FIFOMode=DMA_FIFOMODE_DISABLE
Dma.USART2_TX.11.Instance=DMA1_Stream6
Dma.USART2_TX.11.MemDataAlignment=DMA_MDATAALIGN_BYTE
Dma.USART2_TX.11.MemInc=DMA_MINC_ENABLE
Dma.USART2_TX.11.Mode=DMA_NORMAL
Dma.USART2_TX.11.PeriphDataAlignment=DMA_PDATAALIGN_BYTE
Dma.USART2_TX.11.PeriphInc=DMA_PINC_DISABLE
Dma.USART2_TX.11.Priority=DMA_PRIORITY_LOW
Dma.USART2_TX.11.RequestParameters=Instance,Direction,PeriphInc,MemInc,PeriphDataAlignment,MemDataAlignment,Mode,Priority,FIFOMode
Dma.USART3_RX.2.Direction=DMA_PERIPH_TO_MEMORY
Dma.USART3_RX.2.FIFOMode=DMA_FIFOMODE_DISABLE
Dma.USART3_RX.2.Instance=DMA1_Stream1
Dma.USART3_RX.2.MemDataAlignment=DMA_MDATAALIGN_BYTE
Dma.USART3_RX.2.MemInc=DMA_MINC_ENABLE
Dma.USART3_RX.2.Mode=DMA_NORMAL
Dma.USART3_RX.2.PeriphDataAlignment=DMA_PDATAALIGN_BYTE
Dma.USART3_RX.2.PeriphInc=DMA_PINC_DISABLE
Dma.USART3_RX.2.Priority=DMA_PRIORITY_LOW
Dma.USART3_RX.2.RequestParameters=Instance,Direction,PeriphInc,MemInc,PeriphDataAlignment,MemDataAlignment,Mode,Priority,FIFOMode
Dma.USART3_TX.3.Direction=DMA_MEMORY_TO_PERIPH
Dma.USART3_TX.3.FIFOMode=DMA_FIFOMODE_DISABLE
Dma.USART3_TX.3.Instance=DMA1_Stream3
Dma.USART3_TX.3.MemDataAlignment=DMA_MDATAALIGN_BYTE
Dma.USART3_TX.3.MemInc=DMA_MINC_ENABLE
Dma.USART3_TX.3.Mode=DMA_NORMAL
Dma.USART3_TX.3.PeriphDataAlignment=DMA_PDATAALIGN_BYTE
Dma.USART3_TX.3.PeriphInc=DMA_PINC_DISABLE
Dma.USART3_TX.3.Priority=DMA_PRIORITY_LOW
Dma.USART3_TX.3.RequestParameters=Instance,Direction,PeriphInc,MemInc,PeriphDataAlignment,MemDataAlignment,Mode,Priority,FIFOMode
Dma.USART6_RX.4.Direction=DMA_PERIPH_TO_MEMORY
Dma.USART6_RX.4.FIFOMode=DMA_FIFOMODE_DISABLE
Dma.USART6_RX.4.Instance=DMA2_Stream1
Dma.USART6_RX.4.MemDataAlignment=DMA_MDATAALIGN_BYTE
Dma.USART6_RX.4.MemInc=DMA_MINC_ENABLE
Dma.USART6_RX.4.Mode=DMA_NORMAL
Dma.USART6_RX.4.PeriphDataAlignment=DMA_PDATAALIGN_BYTE
Dma.USART6_RX.4.PeriphInc=DMA_PINC_DISABLE
Dma.USART6_RX.4.Priority=DMA_PRIORITY_LOW
Dma.USART6_RX.4.RequestParameters=Instance,Direction,PeriphInc,MemInc,PeriphDataAlignment,MemDataAlignment,Mode,Priority,FIFOMode
Dma.USART6_TX.5.Direction=DMA_MEMORY_TO_PERIPH
Dma.USART6_TX.5.FIFOMode=DMA_FIFOMODE_DISABLE
Dma.USART6_TX.5.Instance=DMA2_Stream6
Dma.USART6_TX.5.MemDataAlignment=DMA_MDATAALIGN_BYTE
Dma.USART6_TX.5.MemInc=DMA_MINC_ENABLE
Dma.USART6_TX.5.Mode=DMA_NORMAL
Dma.USART6_TX.5.PeriphDataAlignment=DMA_PDATAALIGN_BYTE
Dma.USART6_TX.5.PeriphInc=DMA_PINC_DISABLE
Dma.USART6_TX.5.Priority=DMA_PRIORITY_LOW
Dma.USART6_TX.5.RequestParameters=Instance,Direction,PeriphInc,MemInc,PeriphDataAlignment,MemDataAlignment,Mode,Priority,FIFOMode
FATFS.IPParameters=_FS_LOCK,_FS_RPATH
FATFS._FS_LOCK=8
FATFS._FS_RPATH=2
FREERTOS.INCLUDE_uxTaskGetStackHighWaterMark=1
FREERTOS.IPParameters=Tasks01,configCHECK_FOR_STACK_OVERFLOW,configGENERATE_RUN_TIME_STATS,configTOTAL_HEAP_SIZE,configUSE_COUNTING_SEMAPHORES,configUSE_IDLE_HOOK,configUSE_STATS_FORMATTING_FUNCTIONS,configUSE_TICK_HOOK,INCLUDE_uxTaskGetStackHighWaterMark
FREERTOS.Tasks01=defaultTask,0,128,StartDefaultTask,Default,NULL,Dynamic,NULL,NULL
FREERTOS.configCHECK_FOR_STACK_OVERFLOW=1
FREERTOS.configGENERATE_RUN_TIME_STATS=1
FREERTOS.configTOTAL_HEAP_SIZE=65536
FREERTOS.configUSE_COUNTING_SEMAPHORES=1
FREERTOS.configUSE_IDLE_HOOK=1
FREERTOS.configUSE_STATS_FORMATTING_FUNCTIONS=1
FREERTOS.configUSE_TICK_HOOK=1
File.Version=6
GPIO.groupedBy=
IWDG.IPParameters=Prescaler
IWDG.Prescaler=IWDG_PRESCALER_32
KeepUserPlacement=false
MBEDTLS.IPParameters=MBEDTLS_DEBUG_C,MBEDTLS_ERROR_C,MBEDTLS_RSA_C,MBEDTLS_PKCS1_V15,MBEDTLS_KEY_EXCHANGE_ECDHE_RSA_ENABLED,MBEDTLS_PLATFORM_MEMORY,MBEDTLS_PLATFORM_PRINTF_MACRO_ENABLE,MBEDTLS_MPI_MAX_SIZE,MBEDTLS_SSL_CIPHERSUITES,MBEDTLS_SSL_MAX_CONTENT_LEN_ENABLE,MBEDTLS_SSL_MAX_CONTENT_LEN
MBEDTLS.MBEDTLS_DEBUG_C=1
MBEDTLS.MBEDTLS_ERROR_C=1
MBEDTLS.MBEDTLS_KEY_EXCHANGE_ECDHE_RSA_ENABLED=1
MBEDTLS.MBEDTLS_MPI_MAX_SIZE=256
MBEDTLS.MBEDTLS_PKCS1_V15=1
MBEDTLS.MBEDTLS_PLATFORM_MEMORY=1
MBEDTLS.MBEDTLS_PLATFORM_PRINTF_MACRO_ENABLE=0
MBEDTLS.MBEDTLS_RSA_C=1
MBEDTLS.MBEDTLS_SSL_CIPHERSUITES=MBEDTLS_TLS_ECDHE_ECDSA_WITH_AES_256_GCM_SHA384,MBEDTLS_TLS_ECDHE_ECDSA_WITH_AES_128_GCM_SHA256,MBEDTLS_TLS_ECDHE_RSA_WITH_AES_128_GCM_SHA256
MBEDTLS.MBEDTLS_SSL_MAX_CONTENT_LEN=6144
MBEDTLS.MBEDTLS_SSL_MAX_CONTENT_LEN_ENABLE=1
Mcu.Family=STM32F4
Mcu.IP0=ADC1
Mcu.IP1=ADC3
Mcu.IP10=MBEDTLS
Mcu.IP11=NVIC
Mcu.IP12=RCC
Mcu.IP13=RNG
Mcu.IP14=RTC
Mcu.IP15=SPI1
Mcu.IP16=SPI2
Mcu.IP17=SPI3
Mcu.IP18=SYS
Mcu.IP19=TIM1
Mcu.IP2=CAN1
Mcu.IP20=UART4
Mcu.IP21=UART5
Mcu.IP22=USART1
Mcu.IP23=USART2
Mcu.IP24=USART3
Mcu.IP25=USART6
Mcu.IP26=USB_HOST
Mcu.IP27=USB_OTG_FS
Mcu.IP3=CAN2
Mcu.IP4=DMA
Mcu.IP5=FATFS
Mcu.IP6=FREERTOS
Mcu.IP7=I2C2
Mcu.IP8=I2C3
Mcu.IP9=IWDG
Mcu.IPNb=28
Mcu.Name=STM32F407I(E-G)Tx
Mcu.Package=LQFP176
Mcu.Pin0=PE2
Mcu.Pin1=PE3
Mcu.Pin10=PI10
Mcu.Pin100=PI3
Mcu.Pin101=PA14
Mcu.Pin102=PA15
Mcu.Pin103=PC10
Mcu.Pin104=PC11
Mcu.Pin105=PC12
Mcu.Pin106=PD0
Mcu.Pin107=PD1
Mcu.Pin108=PD2
Mcu.Pin109=PD3
Mcu.Pin11=PI11
Mcu.Pin110=PD4
Mcu.Pin111=PD5
Mcu.Pin112=PD6
Mcu.Pin113=PG9
Mcu.Pin114=PG10
Mcu.Pin115=PG11
Mcu.Pin116=PG12
Mcu.Pin117=PG13
Mcu.Pin118=PG14
Mcu.Pin119=PG15
Mcu.Pin12=PF0
Mcu.Pin120=PB3
Mcu.Pin121=PB4
Mcu.Pin122=PB5
Mcu.Pin123=PB6
Mcu.Pin124=PB7
Mcu.Pin125=PB8
Mcu.Pin126=PB9
Mcu.Pin127=PE0
Mcu.Pin128=PE1
Mcu.Pin129=PI4
Mcu.Pin13=PF1
Mcu.Pin130=PI5
Mcu.Pin131=PI6
Mcu.Pin132=PI7
Mcu.Pin133=VP_FATFS_VS_USB
Mcu.Pin134=VP_FREERTOS_VS_CMSIS_V1
Mcu.Pin135=VP_IWDG_VS_IWDG
Mcu.Pin136=VP_MBEDTLS_VS_MBEDTLS
Mcu.Pin137=VP_RNG_VS_RNG
Mcu.Pin138=VP_RTC_VS_RTC_Activate
Mcu.Pin139=VP_RTC_VS_RTC_Calendar
Mcu.Pin14=PF2
Mcu.Pin140=VP_SYS_VS_tim14
Mcu.Pin141=VP_TIM1_VS_ClockSourceINT
Mcu.Pin142=VP_USB_HOST_VS_USB_HOST_MSC_FS
Mcu.Pin15=PF3
Mcu.Pin16=PF4
Mcu.Pin17=PF5
Mcu.Pin18=PF6
Mcu.Pin19=PF7
Mcu.Pin2=PE4
Mcu.Pin20=PF8
Mcu.Pin21=PF9
Mcu.Pin22=PF10
Mcu.Pin23=PH0-OSC_IN
Mcu.Pin24=PH1-OSC_OUT
Mcu.Pin25=PC0
Mcu.Pin26=PC1
Mcu.Pin27=PC2
Mcu.Pin28=PC3
Mcu.Pin29=PA0-WKUP
Mcu.Pin3=PE5
Mcu.Pin30=PA1
Mcu.Pin31=PA2
Mcu.Pin32=PH2
Mcu.Pin33=PH3
Mcu.Pin34=PH4
Mcu.Pin35=PH5
Mcu.Pin36=PA4
Mcu.Pin37=PA5
Mcu.Pin38=PA6
Mcu.Pin39=PA7
Mcu.Pin4=PE6
Mcu.Pin40=PB1
Mcu.Pin41=PF11
Mcu.Pin42=PF12
Mcu.Pin43=PF13
Mcu.Pin44=PF14
Mcu.Pin45=PF15
Mcu.Pin46=PG0
Mcu.Pin47=PG1
Mcu.Pin48=PE7
Mcu.Pin49=PE8
Mcu.Pin5=PI8- ANTI TAMP2
Mcu.Pin50=PE9
Mcu.Pin51=PE10
Mcu.Pin52=PE11
Mcu.Pin53=PE12
Mcu.Pin54=PE13
Mcu.Pin55=PE14
Mcu.Pin56=PE15
Mcu.Pin57=PB10
Mcu.Pin58=PB11
Mcu.Pin59=PH6
Mcu.Pin6=PC13-ANTI_TAMP
Mcu.Pin60=PH7
Mcu.Pin61=PH8
Mcu.Pin62=PH9
Mcu.Pin63=PH10
Mcu.Pin64=PH11
Mcu.Pin65=PH12
Mcu.Pin66=PB12
Mcu.Pin67=PB13
Mcu.Pin68=PB14
Mcu.Pin69=PB15
Mcu.Pin7=PC14-OSC32_IN
Mcu.Pin70=PD8
Mcu.Pin71=PD9
Mcu.Pin72=PD10
Mcu.Pin73=PD11
Mcu.Pin74=PD12
Mcu.Pin75=PD13
Mcu.Pin76=PD14
Mcu.Pin77=PD15
Mcu.Pin78=PG2
Mcu.Pin79=PG3
Mcu.Pin8=PC15-OSC32_OUT
Mcu.Pin80=PG4
Mcu.Pin81=PG5
Mcu.Pin82=PG6
Mcu.Pin83=PG7
Mcu.Pin84=PG8
Mcu.Pin85=PC6
Mcu.Pin86=PC7
Mcu.Pin87=PC9
Mcu.Pin88=PA8
Mcu.Pin89=PA9
Mcu.Pin9=PI9
Mcu.Pin90=PA10
Mcu.Pin91=PA11
Mcu.Pin92=PA12
Mcu.Pin93=PA13
Mcu.Pin94=PH13
Mcu.Pin95=PH14
Mcu.Pin96=PH15
Mcu.Pin97=PI0
Mcu.Pin98=PI1
Mcu.Pin99=PI2
Mcu.PinsNb=143
Mcu.ThirdPartyNb=0
Mcu.UserConstants=
Mcu.UserName=STM32F407IGTx
MxCube.Version=6.4.0
MxDb.Version=DB.6.0.40
NVIC.BusFault_IRQn=true\:0\:0\:false\:false\:true\:false\:false\:false
NVIC.CAN1_RX0_IRQn=true\:5\:0\:false\:false\:true\:true\:true\:true
NVIC.CAN1_TX_IRQn=true\:5\:0\:false\:false\:true\:true\:true\:true
NVIC.CAN2_RX1_IRQn=true\:5\:0\:false\:false\:true\:true\:true\:true
NVIC.CAN2_TX_IRQn=true\:5\:0\:false\:false\:true\:true\:true\:true
NVIC.DMA1_Stream0_IRQn=true\:5\:0\:false\:false\:true\:true\:false\:true
NVIC.DMA1_Stream1_IRQn=true\:5\:0\:false\:false\:true\:true\:false\:true
NVIC.DMA1_Stream2_IRQn=true\:5\:0\:false\:false\:true\:true\:false\:true
NVIC.DMA1_Stream3_IRQn=true\:5\:0\:false\:false\:true\:true\:false\:true
NVIC.DMA1_Stream4_IRQn=true\:5\:0\:false\:false\:true\:true\:false\:true
NVIC.DMA1_Stream5_IRQn=true\:5\:0\:false\:false\:true\:true\:false\:true
NVIC.DMA1_Stream6_IRQn=true\:5\:0\:false\:false\:true\:true\:false\:true
NVIC.DMA1_Stream7_IRQn=true\:5\:0\:false\:false\:true\:true\:false\:true
NVIC.DMA2_Stream0_IRQn=true\:5\:0\:false\:false\:true\:true\:false\:true
NVIC.DMA2_Stream1_IRQn=true\:5\:0\:false\:false\:true\:true\:false\:true
NVIC.DMA2_Stream2_IRQn=true\:5\:0\:false\:false\:true\:true\:false\:true
NVIC.DMA2_Stream4_IRQn=true\:5\:0\:false\:false\:true\:true\:false\:true
NVIC.DMA2_Stream6_IRQn=true\:5\:0\:false\:false\:true\:true\:false\:true
NVIC.DMA2_Stream7_IRQn=true\:5\:0\:false\:false\:true\:true\:false\:true
NVIC.DebugMonitor_IRQn=true\:0\:0\:false\:false\:true\:false\:false\:false
NVIC.EXTI9_5_IRQn=true\:5\:0\:false\:false\:true\:true\:true\:true
NVIC.ForceEnableDMAVector=true
NVIC.HardFault_IRQn=true\:0\:0\:false\:false\:true\:false\:false\:false
NVIC.MemoryManagement_IRQn=true\:0\:0\:false\:false\:true\:false\:false\:false
NVIC.NonMaskableInt_IRQn=true\:0\:0\:false\:false\:true\:false\:false\:false
NVIC.OTG_FS_IRQn=true\:5\:0\:false\:false\:true\:true\:false\:true
NVIC.PendSV_IRQn=true\:15\:0\:false\:false\:false\:true\:false\:false
NVIC.PriorityGroup=NVIC_PRIORITYGROUP_4
NVIC.SVCall_IRQn=true\:0\:0\:false\:false\:false\:false\:false\:false
NVIC.SavedPendsvIrqHandlerGenerated=true
NVIC.SavedSvcallIrqHandlerGenerated=true
NVIC.SavedSystickIrqHandlerGenerated=true
NVIC.SysTick_IRQn=true\:15\:0\:false\:false\:false\:true\:false\:true
NVIC.TIM8_TRG_COM_TIM14_IRQn=true\:15\:0\:false\:false\:true\:false\:false\:true
NVIC.TimeBase=TIM8_TRG_COM_TIM14_IRQn
NVIC.TimeBaseIP=TIM14
NVIC.UART4_IRQn=true\:5\:0\:false\:false\:true\:true\:true\:true
NVIC.UART5_IRQn=true\:5\:0\:false\:false\:true\:true\:true\:true
NVIC.USART1_IRQn=true\:5\:0\:false\:false\:true\:true\:true\:true
NVIC.USART2_IRQn=true\:5\:0\:false\:false\:true\:true\:true\:true
NVIC.USART3_IRQn=true\:5\:0\:false\:false\:true\:true\:true\:true
NVIC.USART6_IRQn=true\:5\:0\:false\:false\:true\:true\:true\:true
NVIC.UsageFault_IRQn=true\:0\:0\:false\:false\:true\:false\:false\:false
PA0-WKUP.GPIOParameters=GPIO_Label
PA0-WKUP.GPIO_Label=DC_METER1_TX
PA0-WKUP.Locked=true
PA0-WKUP.Mode=Asynchronous
PA0-WKUP.Signal=UART4_TX
PA1.GPIOParameters=GPIO_Label
PA1.GPIO_Label=DC_METER1_RX
PA1.Locked=true
PA1.Mode=Asynchronous
PA1.Signal=UART4_RX
PA10.GPIOParameters=GPIO_Label
PA10.GPIO_Label=RFID_RX
PA10.Locked=true
PA10.Mode=Asynchronous
PA10.Signal=USART1_RX
PA11.Mode=Host_Only
PA11.Signal=USB_OTG_FS_DM
PA12.Mode=Host_Only
PA12.Signal=USB_OTG_FS_DP
PA13.Mode=Serial_Wire
PA13.Signal=SYS_JTMS-SWDIO
PA14.Mode=Serial_Wire
PA14.Signal=SYS_JTCK-SWCLK
PA15.GPIOParameters=GPIO_Label
PA15.GPIO_Label=PAR_EXT_RX1
PA15.Locked=true
PA15.Signal=GPIO_Input
PA2.GPIOParameters=GPIO_Label
PA2.GPIO_Label=CP1_VOLTAGE
PA2.Locked=true
PA2.Signal=ADCx_IN2
PA4.GPIOParameters=GPIO_Label
PA4.GPIO_Label=ETH_CS
PA4.Locked=true
PA4.Signal=GPIO_Output
PA5.GPIOParameters=GPIO_Label
PA5.GPIO_Label=ETH_SCK
PA5.Locked=true
PA5.Mode=Full_Duplex_Master
PA5.Signal=SPI1_SCK
PA6.GPIOParameters=GPIO_Label
PA6.GPIO_Label=ETH_MISO
PA6.Locked=true
PA6.Mode=Full_Duplex_Master
PA6.Signal=SPI1_MISO
PA7.GPIOParameters=GPIO_Label
PA7.GPIO_Label=ETH_MOSI
PA7.Locked=true
PA7.Mode=Full_Duplex_Master
PA7.Signal=SPI1_MOSI
PA8.GPIOParameters=GPIO_Label
PA8.GPIO_Label=DISCHARGE_RLY_PLUG2
PA8.Locked=true
PA8.Signal=GPIO_Output
PA9.GPIOParameters=GPIO_Label
PA9.GPIO_Label=RFID_TX
PA9.Locked=true
PA9.Mode=Asynchronous
PA9.Signal=USART1_TX
PB1.GPIOParameters=GPIO_Label
PB1.GPIO_Label=BRG_RLY_DRV
PB1.Locked=true
PB1.Signal=GPIO_Output
PB10.GPIOParameters=GPIO_Label
PB10.GPIO_Label=POWERDISTRIBUTION_1_BACK
PB10.Locked=true
PB10.Signal=GPIO_Input
PB11.GPIOParameters=GPIO_Label
PB11.GPIO_Label=POWERDISTRIBUTION_2_BACK
PB11.Locked=true
PB11.Signal=GPIO_Input
PB12.Locked=true
PB12.Mode=CAN_Activate
PB12.Signal=CAN2_RX
PB13.Locked=true
PB13.Mode=CAN_Activate
PB13.Signal=CAN2_TX
PB14.GPIOParameters=GPIO_Label
PB14.GPIO_Label=CHARGING_LED_LCLK2
PB14.Locked=true
PB14.Signal=GPIO_Output
PB15.GPIOParameters=GPIO_Label
PB15.GPIO_Label=CHARGING_LED_DS2
PB15.Locked=true
PB15.Signal=GPIO_Output
PB3.Mode=Full_Duplex_Master
PB3.Signal=SPI3_SCK
PB4.GPIOParameters=GPIO_Label
PB4.GPIO_Label=SPICAN_MISO
PB4.Mode=Full_Duplex_Master
PB4.Signal=SPI3_MISO
PB5.GPIOParameters=GPIO_Label
PB5.GPIO_Label=SPICAN_MOSI
PB5.Mode=Full_Duplex_Master
PB5.Signal=SPI3_MOSI
PB6.GPIOParameters=GPIO_Label
PB6.GPIO_Label=SPICAN_INT
PB6.Locked=true
PB6.Signal=GPXTI6
PB7.GPIOParameters=GPIO_Label
PB7.GPIO_Label=SPICAN_INT0
PB7.Locked=true
PB7.Signal=GPXTI7
PB8.GPIOParameters=GPIO_Label,GPIO_ModeDefaultEXTI
PB8.GPIO_Label=SPICAN_INT1
PB8.GPIO_ModeDefaultEXTI=GPIO_MODE_IT_FALLING
PB8.Locked=true
PB8.Signal=GPXTI8
PB9.GPIOParameters=GPIO_Label
PB9.GPIO_Label=SPICAN_CLKO
PB9.Locked=true
PB9.Signal=GPIO_Input
PC0.GPIOParameters=GPIO_Label
PC0.GPIO_Label=CHARGER2_V
PC0.Locked=true
PC0.Signal=ADCx_IN10
PC1.GPIOParameters=GPIO_Label
PC1.GPIO_Label=BAT2_V
PC1.Locked=true
PC1.Signal=ADCx_IN11
PC10.GPIOParameters=GPIO_Label
PC10.GPIO_Label=PAR_EXT_RX2
PC10.Locked=true
PC10.Signal=GPIO_Input
PC11.GPIOParameters=GPIO_Label
PC11.GPIO_Label=PAR_EXT_RX3
PC11.Locked=true
PC11.Signal=GPIO_Input
PC12.GPIOParameters=GPIO_Label
PC12.GPIO_Label=EXTEND_TX
PC12.Locked=true
PC12.Mode=Asynchronous
PC12.Signal=UART5_TX
PC13-ANTI_TAMP.GPIOParameters=GPIO_Label
PC13-ANTI_TAMP.GPIO_Label=POWERDISTRIBUTION_5
PC13-ANTI_TAMP.Locked=true
PC13-ANTI_TAMP.Signal=GPIO_Output
PC14-OSC32_IN.Mode=LSE-External-Oscillator
PC14-OSC32_IN.Signal=RCC_OSC32_IN
PC15-OSC32_OUT.Mode=LSE-External-Oscillator
PC15-OSC32_OUT.Signal=RCC_OSC32_OUT
PC2.GPIOParameters=GPIO_Label
PC2.GPIO_Label=AMB_TEMP
PC2.Locked=true
PC2.Signal=ADCx_IN12
PC3.GPIOParameters=GPIO_Label
PC3.GPIO_Label=CP_VOLTAGE_PAR MODE
PC3.Locked=true
PC3.Signal=ADCx_IN13
PC6.GPIOParameters=GPIO_Label
PC6.GPIO_Label=LCD_TX
PC6.Locked=true
PC6.Mode=Asynchronous
PC6.Signal=USART6_TX
PC7.GPIOParameters=GPIO_Label
PC7.GPIO_Label=LCD_RX
PC7.Locked=true
PC7.Mode=Asynchronous
PC7.Signal=USART6_RX
PC9.GPIOParameters=GPIO_Label
PC9.GPIO_Label=DISCHARGE_RLY_PLUG1
PC9.Locked=true
PC9.Signal=GPIO_Output
PD0.GPIOParameters=GPIO_Label
PD0.GPIO_Label=CAN1_RX
PD0.Locked=true
PD0.Mode=CAN_Activate
PD0.Signal=CAN1_RX
PD1.GPIOParameters=GPIO_Label
PD1.GPIO_Label=CAN1_TX
PD1.Mode=CAN_Activate
PD1.Signal=CAN1_TX
PD10.GPIOParameters=GPIO_Label
PD10.GPIO_Label=POWERDISTRIBUTION_4_BACK
PD10.Locked=true
PD10.Signal=GPIO_Input
PD11.GPIOParameters=GPIO_Label
PD11.GPIO_Label=MAIN_RLY_PLUG1
PD11.Locked=true
PD11.Signal=GPIO_Output
PD12.GPIOParameters=GPIO_Label
PD12.GPIO_Label=BMSPOWER_PLUG1
PD12.Locked=true
PD12.Signal=GPIO_Output
PD13.GPIOParameters=GPIO_Label
PD13.GPIO_Label=PLUG1_LOCK_1
PD13.Locked=true
PD13.Signal=GPIO_Output
PD14.GPIOParameters=GPIO_Label
PD14.GPIO_Label=PLUG1_LOCK_2
PD14.Locked=true
PD14.Signal=GPIO_Output
PD15.GPIOParameters=GPIO_Label
PD15.GPIO_Label=K1_PLUG1
PD15.Locked=true
PD15.Signal=GPIO_Output
PD2.GPIOParameters=GPIO_Label
PD2.GPIO_Label=EXTEND_RX
PD2.Locked=true
PD2.Mode=Asynchronous
PD2.Signal=UART5_RX
PD3.GPIOParameters=GPIO_Label
PD3.GPIO_Label=CC1_PLUG2
PD3.Locked=true
PD3.Signal=GPIO_Input
PD4.GPIOParameters=GPIO_Label
PD4.GPIO_Label=CC1_PLUG1
PD4.Locked=true
PD4.Signal=GPIO_Input
PD5.GPIOParameters=GPIO_Label
PD5.GPIO_Label=RX_4G
PD5.Locked=true
PD5.Mode=Asynchronous
PD5.Signal=USART2_TX
PD6.Locked=true
PD6.Mode=Asynchronous
PD6.Signal=USART2_RX
PD8.GPIOParameters=GPIO_Label
PD8.GPIO_Label=DC_METER2_TX
PD8.Locked=true
PD8.Mode=Asynchronous
PD8.Signal=USART3_TX
PD9.GPIOParameters=GPIO_Label
PD9.GPIO_Label=DC_METER2_RX
PD9.Locked=true
PD9.Mode=Asynchronous
PD9.Signal=USART3_RX
PE0.GPIOParameters=GPIO_Label
PE0.GPIO_Label=FAN1_FAULT
PE0.Locked=true
PE0.Signal=GPIO_Input
PE1.GPIOParameters=GPIO_Label
PE1.GPIO_Label=FAN2_FAULT
PE1.Locked=true
PE1.Signal=GPIO_Input
PE10.GPIOParameters=GPIO_Label
PE10.GPIO_Label=MARQUEE2\#
PE10.Locked=true
PE10.Mode=PWM Generation2 CH2N
PE10.Signal=TIM1_CH2N
PE11.GPIOParameters=PinState,GPIO_Label
PE11.GPIO_Label=ETH_RST
PE11.Locked=true
PE11.PinState=GPIO_PIN_SET
PE11.Signal=GPIO_Output
PE12.GPIOParameters=GPIO_Label
PE12.GPIO_Label=SYS_LED
PE12.Locked=true
PE12.Signal=GPIO_Output
PE13.GPIOParameters=GPIO_Label
PE13.GPIO_Label=DC_METER1_LED
PE13.Locked=true
PE13.Signal=GPIO_Output
PE14.GPIOParameters=GPIO_Label
PE14.GPIO_Label=DC_METER2_LED
PE14.Locked=true
PE14.Signal=GPIO_Output
PE15.GPIOParameters=GPIO_Label
PE15.GPIO_Label=LED_4G
PE15.Locked=true
PE15.Signal=GPIO_Output
PE2.GPIOParameters=GPIO_Label
PE2.GPIO_Label=FAN3_FAULT
PE2.Locked=true
PE2.Signal=GPIO_Input
PE3.GPIOParameters=GPIO_Label
PE3.GPIO_Label=FAN4_FAULT
PE3.Locked=true
PE3.Signal=GPIO_Input
PE4.GPIOParameters=GPIO_Label
PE4.GPIO_Label=FAN5_FAULT
PE4.Locked=true
PE4.Signal=GPIO_Input
PE5.GPIOParameters=GPIO_Label
PE5.GPIO_Label=LED_YELLOW_PLUG1
PE5.Locked=true
PE5.Signal=GPIO_Output
PE6.GPIOParameters=GPIO_Label
PE6.GPIO_Label=LED_YELLOW_PLUG2
PE6.Locked=true
PE6.Signal=GPIO_Output
PE7.GPIOParameters=GPIO_Label
PE7.GPIO_Label=DOOR1_OPEN
PE7.Locked=true
PE7.Signal=GPIO_Input
PE8.GPIOParameters=GPIO_Label
PE8.GPIO_Label=CP_RELAY
PE8.Locked=true
PE8.Signal=GPIO_Output
PE9.GPIOParameters=GPIO_Label
PE9.GPIO_Label=MARQUEE1\#
PE9.Locked=true
PE9.Signal=S_TIM1_CH1
PF0.GPIOParameters=GPIO_Label
PF0.GPIO_Label=LED_RED_PLUG2
PF0.Locked=true
PF0.Signal=GPIO_Output
PF1.GPIOParameters=GPIO_Label
PF1.GPIO_Label=LED_GREEN_POWER1
PF1.Locked=true
PF1.Signal=GPIO_Output
PF10.GPIOParameters=GPIO_Label
PF10.GPIO_Label=INS_R_V_PLUG2
PF10.Locked=true
PF10.Mode=IN8
PF10.Signal=ADC3_IN8
PF11.GPIOParameters=GPIO_Label
PF11.GPIO_Label=BRG_RLY_DRV_BACK
PF11.Locked=true
PF11.Signal=GPIO_Input
PF12.GPIOParameters=GPIO_Label
PF12.GPIO_Label=SW_D0
PF12.Locked=true
PF12.Signal=GPIO_Input
PF13.GPIOParameters=GPIO_Label
PF13.GPIO_Label=SW_D1
PF13.Locked=true
PF13.Signal=GPIO_Input
PF14.GPIOParameters=GPIO_Label
PF14.GPIO_Label=SW_D2
PF14.Locked=true
PF14.Signal=GPIO_Input
PF15.GPIOParameters=GPIO_Label
PF15.GPIO_Label=SW_D3
PF15.Locked=true
PF15.Signal=GPIO_Input
PF2.GPIOParameters=GPIO_Label
PF2.GPIO_Label=EPO
PF2.Locked=true
PF2.Signal=GPIO_Input
PF3.GPIOParameters=GPIO_Label
PF3.GPIO_Label=TEMP+_PLUG1
PF3.Locked=true
PF3.Mode=IN9
PF3.Signal=ADC3_IN9
PF4.GPIOParameters=GPIO_Label
PF4.GPIO_Label=TEMP-_PLUG1
PF4.Locked=true
PF4.Mode=IN14
PF4.Signal=ADC3_IN14
PF5.GPIOParameters=GPIO_Label
PF5.GPIO_Label=BAT1_V
PF5.Locked=true
PF5.Mode=IN15
PF5.Signal=ADC3_IN15
PF6.GPIOParameters=GPIO_Label
PF6.GPIO_Label=TEMP-_PLUG2
PF6.Locked=true
PF6.Mode=IN4
PF6.Signal=ADC3_IN4
PF7.GPIOParameters=GPIO_Label
PF7.GPIO_Label=TEMP+_PLUG2
PF7.Locked=true
PF7.Mode=IN5
PF7.Signal=ADC3_IN5
PF8.GPIOParameters=GPIO_Label
PF8.GPIO_Label=CHARGER1_V
PF8.Locked=true
PF8.Mode=IN6
PF8.Signal=ADC3_IN6
PF9.GPIOParameters=GPIO_Label
PF9.GPIO_Label=INS_R_V_PLUG1
PF9.Locked=true
PF9.Mode=IN7
PF9.Signal=ADC3_IN7
PG0.GPIOParameters=GPIO_Label
PG0.GPIO_Label=SW_D4
PG0.Locked=true
PG0.Signal=GPIO_Input
PG1.GPIOParameters=GPIO_Label
PG1.GPIO_Label=FAN1_RLY_DRV
PG1.Locked=true
PG1.Signal=GPIO_Output
PG10.GPIOParameters=GPIO_Label
PG10.GPIO_Label=MAIN_RLY_PLUG2_BACK
PG10.Locked=true
PG10.Signal=GPIO_Input
PG11.GPIOParameters=GPIO_Label
PG11.GPIO_Label=BMSPOWER_PLUG2
PG11.Locked=true
PG11.Signal=GPIO_Output
PG12.GPIOParameters=GPIO_Label
PG12.GPIO_Label=PLUG2_LOCK_1
PG12.Locked=true
PG12.Signal=GPIO_Output
PG13.GPIOParameters=GPIO_Label
PG13.GPIO_Label=PLUG2_LOCK_2
PG13.Locked=true
PG13.Signal=GPIO_Output
PG14.GPIOParameters=GPIO_Label
PG14.GPIO_Label=PLUG2_LOCK_BACK
PG14.Locked=true
PG14.Signal=GPIO_Input
PG15.GPIOParameters=GPIO_Label
PG15.GPIO_Label=SPICAN_SCK
PG15.Locked=true
PG15.Signal=GPIO_Output
PG2.GPIOParameters=GPIO_Label
PG2.GPIO_Label=POWERDISTRIBUTION_5_BACK
PG2.Locked=true
PG2.Signal=GPIO_Input
PG3.GPIOParameters=GPIO_Label
PG3.GPIO_Label=K3_PLUG1
PG3.Locked=true
PG3.Signal=GPIO_Output
PG4.GPIOParameters=GPIO_Label
PG4.GPIO_Label=MAIN_RLY_PLUG1_BACK
PG4.Locked=true
PG4.Signal=GPIO_Input
PG5.GPIOParameters=GPIO_Label
PG5.GPIO_Label=PLUG1_LOCK_BACK
PG5.Locked=true
PG5.Signal=GPIO_Input
PG6.GPIOParameters=GPIO_Label
PG6.GPIO_Label=K1_PLUG2
PG6.Locked=true
PG6.Signal=GPIO_Output
PG7.GPIOParameters=GPIO_Label
PG7.GPIO_Label=K3_PLUG2
PG7.Locked=true
PG7.Signal=GPIO_Output
PG8.GPIOParameters=GPIO_Label
PG8.GPIO_Label=CONTACTOR_DRV
PG8.Locked=true
PG8.Signal=GPIO_Output
PG9.GPIOParameters=GPIO_Label
PG9.GPIO_Label=MAIN_RLY_PLUG2
PG9.Locked=true
PG9.Signal=GPIO_Output
PH0-OSC_IN.Mode=HSE-External-Oscillator
PH0-OSC_IN.Signal=RCC_OSC_IN
PH1-OSC_OUT.Mode=HSE-External-Oscillator
PH1-OSC_OUT.Signal=RCC_OSC_OUT
PH10.GPIOParameters=GPIO_Label
PH10.GPIO_Label=CHARGING_LED_LCLK1
PH10.Locked=true
PH10.Signal=GPIO_Output
PH11.GPIOParameters=GPIO_Label
PH11.GPIO_Label=CHARGING_LED_DS1
PH11.Locked=true
PH11.Signal=GPIO_Output
PH12.GPIOParameters=GPIO_Label
PH12.GPIO_Label=CHARGING_LED_SCLK2
PH12.Locked=true
PH12.Signal=GPIO_Output
PH13.GPIOParameters=GPIO_Label
PH13.GPIO_Label=PAR_EXT_TX1
PH13.Locked=true
PH13.Signal=GPIO_Output
PH14.GPIOParameters=GPIO_Label
PH14.GPIO_Label=PAR_EXT_TX2
PH14.Locked=true
PH14.Signal=GPIO_Output
PH15.GPIOParameters=GPIO_Label
PH15.GPIO_Label=PAR_EXT_TX3
PH15.Locked=true
PH15.Signal=GPIO_Output
PH2.GPIOParameters=GPIO_Label
PH2.GPIO_Label=FUSE1_OPEN
PH2.Locked=true
PH2.Signal=GPIO_Input
PH3.GPIOParameters=GPIO_Label
PH3.GPIO_Label=FUSE2_OPEN
PH3.Locked=true
PH3.Signal=GPIO_Input
PH4.GPIOParameters=GPIO_Pu
PH4.GPIO_Pu=GPIO_PULLUP
PH4.Locked=true
PH4.Mode=I2C
PH4.Signal=I2C2_SCL
PH5.GPIOParameters=GPIO_Pu
PH5.GPIO_Pu=GPIO_PULLUP
PH5.Locked=true
PH5.Mode=I2C
PH5.Signal=I2C2_SDA
PH6.GPIOParameters=GPIO_Label
PH6.GPIO_Label=POWERDISTRIBUTION_3_BACK
PH6.Locked=true
PH6.Signal=GPIO_Input
PH7.GPIOParameters=GPIO_Label,GPIO_Pu
PH7.GPIO_Label=EEP_SCL
PH7.GPIO_Pu=GPIO_PULLUP
PH7.Locked=true
PH7.Mode=I2C
PH7.Signal=I2C3_SCL
PH8.GPIOParameters=GPIO_Label,GPIO_Pu
PH8.GPIO_Label=EEP_SDA
PH8.GPIO_Pu=GPIO_PULLUP
PH8.Locked=true
PH8.Mode=I2C
PH8.Signal=I2C3_SDA
PH9.GPIOParameters=GPIO_Label
PH9.GPIO_Label=CHARGING_LED_SCLK1
PH9.Locked=true
PH9.Signal=GPIO_Output
PI0.GPIOParameters=GPIO_Label
PI0.GPIO_Label=SPI_CS_1
PI0.Locked=true
PI0.Signal=GPIO_Output
PI1.GPIOParameters=GPIO_Label
PI1.GPIO_Label=SPI_SCK_1
PI1.Mode=Full_Duplex_Master
PI1.Signal=SPI2_SCK
PI10.GPIOParameters=GPIO_Label
PI10.GPIO_Label=VTRANS_2\#12V&24
PI10.Locked=true
PI10.Signal=GPIO_Output
PI11.GPIOParameters=GPIO_Label
PI11.GPIO_Label=LED_GREEN_POWER2
PI11.Locked=true
PI11.Signal=GPIO_Output
PI2.GPIOParameters=GPIO_Label
PI2.GPIO_Label=SPI_MISO_1
PI2.Mode=Full_Duplex_Master
PI2.Signal=SPI2_MISO
PI3.GPIOParameters=GPIO_Label
PI3.GPIO_Label=SPI_MOSI_1
PI3.Mode=Full_Duplex_Master
PI3.Signal=SPI2_MOSI
PI4.GPIOParameters=GPIO_Label
PI4.GPIO_Label=POWERDISTRIBUTION_1
PI4.Locked=true
PI4.Signal=GPIO_Output
PI5.GPIOParameters=GPIO_Label
PI5.GPIO_Label=POWERDISTRIBUTION_2
PI5.Locked=true
PI5.Signal=GPIO_Output
PI6.GPIOParameters=GPIO_Label
PI6.GPIO_Label=POWERDISTRIBUTION_3
PI6.Locked=true
PI6.Signal=GPIO_Output
PI7.GPIOParameters=GPIO_Label
PI7.GPIO_Label=POWERDISTRIBUTION_4
PI7.Locked=true
PI7.Signal=GPIO_Output
PI8-\ ANTI\ TAMP2.GPIOParameters=GPIO_Label
PI8-\ ANTI\ TAMP2.GPIO_Label=LED_RED_PLUG1
PI8-\ ANTI\ TAMP2.Locked=true
PI8-\ ANTI\ TAMP2.Signal=GPIO_Output
PI9.GPIOParameters=GPIO_Label
PI9.GPIO_Label=VTRANS_1\#12V&24
PI9.Locked=true
PI9.Signal=GPIO_Output
PinOutPanel.RotationAngle=0
ProjectManager.AskForMigrate=true
ProjectManager.BackupPrevious=false
ProjectManager.CompilerOptimize=6
ProjectManager.ComputerToolchain=false
ProjectManager.CoupleFile=true
ProjectManager.CustomerFirmwarePackage=
ProjectManager.DefaultFWLocation=true
ProjectManager.DeletePrevious=true
ProjectManager.DeviceId=STM32F407IGTx
ProjectManager.FirmwarePackage=STM32Cube FW_F4 V1.26.2
ProjectManager.FreePins=false
ProjectManager.HalAssertFull=false
ProjectManager.HeapSize=0x14000
ProjectManager.KeepUserCode=true
ProjectManager.LastFirmware=true
ProjectManager.LibraryCopy=0
ProjectManager.MainLocation=Src
ProjectManager.NoMain=false
ProjectManager.PreviousToolchain=
ProjectManager.ProjectBuild=false
ProjectManager.ProjectFileName=v5_test_a.ioc
ProjectManager.ProjectName=v5_test_a
ProjectManager.RegisterCallBack=
ProjectManager.StackSize=0x400
ProjectManager.TargetToolchain=Makefile
ProjectManager.ToolChainLocation=
ProjectManager.UnderRoot=false
ProjectManager.functionlistsort=1-MX_GPIO_Init-GPIO-false-HAL-true,2-MX_DMA_Init-DMA-false-HAL-true,3-SystemClock_Config-RCC-false-HAL-false,4-MX_ADC3_Init-ADC3-false-HAL-true,5-MX_CAN1_Init-CAN1-false-HAL-true,6-MX_CAN2_Init-CAN2-false-HAL-true,7-MX_I2C2_Init-I2C2-false-HAL-true,8-MX_I2C3_Init-I2C3-false-HAL-true,9-MX_SPI1_Init-SPI1-false-HAL-true,10-MX_SPI2_Init-SPI2-false-HAL-true,11-MX_SPI3_Init-SPI3-false-HAL-true,12-MX_TIM1_Init-TIM1-false-HAL-true,13-MX_UART4_Init-UART4-false-HAL-true,14-MX_UART5_Init-UART5-false-HAL-true,15-MX_USART1_UART_Init-USART1-false-HAL-true,16-MX_USART2_UART_Init-USART2-false-HAL-true,17-MX_USART3_UART_Init-USART3-false-HAL-true,18-MX_USART6_UART_Init-USART6-false-HAL-true,19-MX_FATFS_Init-FATFS-false-HAL-false,20-MX_USB_HOST_Init-USB_HOST-false-HAL-false,21-MX_ADC1_Init-ADC1-false-HAL-true,22-MX_RNG_Init-RNG-false-HAL-true,23-MX_MBEDTLS_Init-MBEDTLS-false-HAL-false,24-MX_RTC_Init-RTC-false-HAL-true,25-MX_IWDG_Init-IWDG-false-HAL-true
RCC.48MHZClocksFreq_Value=48000000
RCC.AHBFreq_Value=120000000
RCC.APB1CLKDivider=RCC_HCLK_DIV4
RCC.APB1Freq_Value=30000000
RCC.APB1TimFreq_Value=60000000
RCC.APB2CLKDivider=RCC_HCLK_DIV2
RCC.APB2Freq_Value=60000000
RCC.APB2TimFreq_Value=120000000
RCC.CortexFreq_Value=120000000
RCC.EthernetFreq_Value=120000000
RCC.FCLKCortexFreq_Value=120000000
RCC.FamilyName=M
RCC.HCLKFreq_Value=120000000
RCC.HSE_VALUE=25000000
RCC.HSI_VALUE=16000000
RCC.I2SClocksFreq_Value=120000000
RCC.IPParameters=48MHZClocksFreq_Value,AHBFreq_Value,APB1CLKDivider,APB1Freq_Value,APB1TimFreq_Value,APB2CLKDivider,APB2Freq_Value,APB2TimFreq_Value,CortexFreq_Value,EthernetFreq_Value,FCLKCortexFreq_Value,FamilyName,HCLKFreq_Value,HSE_VALUE,HSI_VALUE,I2SClocksFreq_Value,LSI_VALUE,MCO2PinFreq_Value,PLLCLKFreq_Value,PLLM,PLLQ,PLLQCLKFreq_Value,RCC_RTC_Clock_SourceVirtual,RTCFreq_Value,RTCHSEDivFreq_Value,SYSCLKFreq_VALUE,SYSCLKSource,VCOI2SOutputFreq_Value,VCOInputFreq_Value,VCOOutputFreq_Value,VcooutputI2S
RCC.LSI_VALUE=32000
RCC.MCO2PinFreq_Value=120000000
RCC.PLLCLKFreq_Value=120000000
RCC.PLLM=20
RCC.PLLQ=5
RCC.PLLQCLKFreq_Value=48000000
RCC.RCC_RTC_Clock_SourceVirtual=RCC_RTCCLKSOURCE_LSE
RCC.RTCFreq_Value=32768
RCC.RTCHSEDivFreq_Value=12500000
RCC.SYSCLKFreq_VALUE=120000000
RCC.SYSCLKSource=RCC_SYSCLKSOURCE_PLLCLK
RCC.VCOI2SOutputFreq_Value=240000000
RCC.VCOInputFreq_Value=1250000
RCC.VCOOutputFreq_Value=240000000
RCC.VcooutputI2S=120000000
SH.ADCx_IN10.0=ADC3_IN10,IN10
SH.ADCx_IN10.ConfNb=1
SH.ADCx_IN11.0=ADC3_IN11,IN11
SH.ADCx_IN11.ConfNb=1
SH.ADCx_IN12.0=ADC3_IN12,IN12
SH.ADCx_IN12.ConfNb=1
SH.ADCx_IN13.0=ADC1_IN13,IN13
SH.ADCx_IN13.ConfNb=1
SH.ADCx_IN2.0=ADC1_IN2,IN2
SH.ADCx_IN2.ConfNb=1
SH.GPXTI6.0=GPIO_EXTI6
SH.GPXTI6.ConfNb=1
SH.GPXTI7.0=GPIO_EXTI7
SH.GPXTI7.ConfNb=1
SH.GPXTI8.0=GPIO_EXTI8
SH.GPXTI8.ConfNb=1
SH.S_TIM1_CH1.0=TIM1_CH1,PWM Generation1 CH1
SH.S_TIM1_CH1.ConfNb=1
SPI1.BaudRatePrescaler=SPI_BAUDRATEPRESCALER_8
SPI1.CalculateBaudRate=7.5 MBits/s
SPI1.Direction=SPI_DIRECTION_2LINES
SPI1.IPParameters=VirtualType,Mode,Direction,CalculateBaudRate,BaudRatePrescaler
SPI1.Mode=SPI_MODE_MASTER
SPI1.VirtualType=VM_MASTER
SPI2.BaudRatePrescaler=SPI_BAUDRATEPRESCALER_8
SPI2.CalculateBaudRate=3.75 MBits/s
SPI2.Direction=SPI_DIRECTION_2LINES
SPI2.IPParameters=VirtualType,Mode,Direction,CalculateBaudRate,BaudRatePrescaler
SPI2.Mode=SPI_MODE_MASTER
SPI2.VirtualType=VM_MASTER
SPI3.BaudRatePrescaler=SPI_BAUDRATEPRESCALER_8
SPI3.CalculateBaudRate=3.75 MBits/s
SPI3.Direction=SPI_DIRECTION_2LINES
SPI3.IPParameters=VirtualType,Mode,Direction,CalculateBaudRate,BaudRatePrescaler
SPI3.Mode=SPI_MODE_MASTER
SPI3.VirtualType=VM_MASTER
TIM1.AutoReloadPreload=TIM_AUTORELOAD_PRELOAD_ENABLE
TIM1.Channel-PWM\ Generation1\ CH1=TIM_CHANNEL_1
TIM1.Channel-PWM\ Generation2\ CH2N=TIM_CHANNEL_2
TIM1.IPParameters=Channel-PWM Generation1 CH1,Channel-PWM Generation2 CH2N,Prescaler,Period,AutoReloadPreload
TIM1.Period=1000-1
TIM1.Prescaler=120
UART4.BaudRate=9600
UART4.IPParameters=VirtualMode,BaudRate,WordLength,Parity
UART4.Parity=PARITY_EVEN
UART4.VirtualMode=Asynchronous
UART4.WordLength=WORDLENGTH_9B
UART5.IPParameters=VirtualMode
UART5.VirtualMode=Asynchronous
USART1.BaudRate=9600
USART1.IPParameters=VirtualMode,BaudRate
USART1.VirtualMode=VM_ASYNC
USART2.IPParameters=VirtualMode
USART2.VirtualMode=VM_ASYNC
USART3.BaudRate=9600
USART3.IPParameters=VirtualMode,BaudRate,WordLength,Parity
USART3.Parity=PARITY_EVEN
USART3.VirtualMode=VM_ASYNC
USART3.WordLength=WORDLENGTH_9B
USART6.BaudRate=38400
USART6.IPParameters=VirtualMode,BaudRate
USART6.VirtualMode=VM_ASYNC
USB_HOST.IPParameters=USBH_HandleTypeDef-MSC_FS,VirtualModeFS,USBH_USE_OS-MSC_FS
USB_HOST.USBH_HandleTypeDef-MSC_FS=hUsbHostFS
USB_HOST.USBH_USE_OS-MSC_FS=0
USB_HOST.VirtualModeFS=Msc
USB_OTG_FS.IPParameters=VirtualMode,phy_itface
USB_OTG_FS.VirtualMode=Host_Only
USB_OTG_FS.phy_itface=HCD_PHY_EMBEDDED
VP_FATFS_VS_USB.Mode=USB
VP_FATFS_VS_USB.Signal=FATFS_VS_USB
VP_FREERTOS_VS_CMSIS_V1.Mode=CMSIS_V1
VP_FREERTOS_VS_CMSIS_V1.Signal=FREERTOS_VS_CMSIS_V1
VP_IWDG_VS_IWDG.Mode=IWDG_Activate
VP_IWDG_VS_IWDG.Signal=IWDG_VS_IWDG
VP_MBEDTLS_VS_MBEDTLS.Mode=Enabled
VP_MBEDTLS_VS_MBEDTLS.Signal=MBEDTLS_VS_MBEDTLS
VP_RNG_VS_RNG.Mode=RNG_Activate
VP_RNG_VS_RNG.Signal=RNG_VS_RNG
VP_RTC_VS_RTC_Activate.Mode=RTC_Enabled
VP_RTC_VS_RTC_Activate.Signal=RTC_VS_RTC_Activate
VP_RTC_VS_RTC_Calendar.Mode=RTC_Calendar
VP_RTC_VS_RTC_Calendar.Signal=RTC_VS_RTC_Calendar
VP_SYS_VS_tim14.Mode=TIM14
VP_SYS_VS_tim14.Signal=SYS_VS_tim14
VP_TIM1_VS_ClockSourceINT.Mode=Internal
VP_TIM1_VS_ClockSourceINT.Signal=TIM1_VS_ClockSourceINT
VP_USB_HOST_VS_USB_HOST_MSC_FS.Mode=MSC_FS
VP_USB_HOST_VS_USB_HOST_MSC_FS.Signal=USB_HOST_VS_USB_HOST_MSC_FS
board=custom
